
Microsoft Visual Studio Solution File, Format Version 12.00
# Visual Studio Version 17
VisualStudioVersion = 17.11.35303.130
MinimumVisualStudioVersion = 10.0.40219.1
Project("{FAE04EC0-301F-11D3-BF4B-00C04F79EFBC}") = "Sprint5.Lib", "Sprint5.Lib\Sprint5.Lib.csproj", "{3392EFAC-C3BD-4D54-8985-9C06F855B691}"
EndProject
Project("{2150E333-8FDC-42A3-9474-1A3956D46DE8}") = "Task 1", "Task 1", "{F643BB06-68D0-49F7-B6DF-6156CCC0E323}"
EndProject
Project("{2150E333-8FDC-42A3-9474-1A3956D46DE8}") = "Task 0", "Task 0", "{D5A4430E-B7C5-4D25-85FE-6AEACCEF30F8}"
EndProject
Project("{FAE04EC0-301F-11D3-BF4B-00C04F79EFBC}") = "Tyuiu.KozachokNA.Sprint5.Task0.V4", "Tyuiu.KozachokNA.Sprint5.Task0.V4\Tyuiu.KozachokNA.Sprint5.Task0.V4.csproj", "{6333EF10-4A58-4225-AC87-B2FFFB1E876A}"
EndProject
Project("{FAE04EC0-301F-11D3-BF4B-00C04F79EFBC}") = "Tyuiu.KozachokNA.Sprint5.Task1.V3", "Tyuiu.KozachokNA.Sprint5.Task1.V3\Tyuiu.KozachokNA.Sprint5.Task1.V3.csproj", "{850D7FAB-4F89-4F66-9F7E-88002D463035}"
EndProject
Project("{2150E333-8FDC-42A3-9474-1A3956D46DE8}") = "Task 2", "Task 2", "{0F77773D-69D6-4B9B-A5CA-B778E8A73FFD}"
EndProject
Project("{FAE04EC0-301F-11D3-BF4B-00C04F79EFBC}") = "Tyuiu.KozachokNA.Sprint5.Task2.V11", "Tyuiu.KozachokNA.Sprint5.Task2.V11\Tyuiu.KozachokNA.Sprint5.Task2.V11.csproj", "{C0E41CB8-BD96-4E2C-87E3-FFF67542D213}"
EndProject
Project("{2150E333-8FDC-42A3-9474-1A3956D46DE8}") = "Task 3", "Task 3", "{1DC03E4A-D92F-45E0-BDB0-E33845BA140D}"
EndProject
Project("{FAE04EC0-301F-11D3-BF4B-00C04F79EFBC}") = "Tyuiu.KozachokNA.Sprint5.Task3.V27", "Tyuiu.KozachokNA.Sprint5.Task3.V27\Tyuiu.KozachokNA.Sprint5.Task3.V27.csproj", "{BAB1578F-64E2-4DB1-B74D-687BE04B7794}"
EndProject
Project("{FAE04EC0-301F-11D3-BF4B-00C04F79EFBC}") = "Tyuiu.KozachokNA.Sprint5.Task4.V30", "Tyuiu.KozachokNA.Sprint5.Task4.V30\Tyuiu.KozachokNA.Sprint5.Task4.V30.csproj", "{A0A68EEA-B2D4-4257-B19B-8B21AE48887A}"
EndProject
Project("{2150E333-8FDC-42A3-9474-1A3956D46DE8}") = "Task 4", "Task 4", "{6181B942-0B9E-45AD-B2F5-0BFF9C7B3821}"
EndProject
Project("{2150E333-8FDC-42A3-9474-1A3956D46DE8}") = "Task 5", "Task 5", "{17344A5B-8125-43C4-A107-666BBC6911C3}"
EndProject
Project("{FAE04EC0-301F-11D3-BF4B-00C04F79EFBC}") = "Tyuiu.KozachokNA.Sprint5.Task5.V12", "Tyuiu.KozachokNA.Sprint5.Task5.V12\Tyuiu.KozachokNA.Sprint5.Task5.V12.csproj", "{B36B707A-0611-43DB-9870-71B69E3CD532}"
EndProject
Project("{2150E333-8FDC-42A3-9474-1A3956D46DE8}") = "Task 6", "Task 6", "{FDBA6BB9-9557-4FAA-9234-53BEACF44FB8}"
EndProject
Project("{FAE04EC0-301F-11D3-BF4B-00C04F79EFBC}") = "Tyuiu.KozachokNA.Sprint5.Task6.V28", "Tyuiu.KozachokNA.Sprint5.Task6.V28\Tyuiu.KozachokNA.Sprint5.Task6.V28.csproj", "{5B0EF709-54E1-4354-A6EF-30988B342912}"
EndProject
Project("{2150E333-8FDC-42A3-9474-1A3956D46DE8}") = "Task 7", "Task 7", "{8362805D-489D-440E-B39E-1B2E7885902B}"
EndProject
Project("{FAE04EC0-301F-11D3-BF4B-00C04F79EFBC}") = "Tyuiu.KozachokNA.Sprint5.Task7.V9", "Tyuiu.KozachokNA.Sprint5.Task7.V9\Tyuiu.KozachokNA.Sprint5.Task7.V9.csproj", "{FD92C253-0268-4089-87CE-245DD053ED67}"
EndProject
Global
	GlobalSection(SolutionConfigurationPlatforms) = preSolution
		Debug|Any CPU = Debug|Any CPU
		Release|Any CPU = Release|Any CPU
	EndGlobalSection
	GlobalSection(ProjectConfigurationPlatforms) = postSolution
		{3392EFAC-C3BD-4D54-8985-9C06F855B691}.Debug|Any CPU.ActiveCfg = Debug|Any CPU
		{3392EFAC-C3BD-4D54-8985-9C06F855B691}.Debug|Any CPU.Build.0 = Debug|Any CPU
		{3392EFAC-C3BD-4D54-8985-9C06F855B691}.Release|Any CPU.ActiveCfg = Release|Any CPU
		{3392EFAC-C3BD-4D54-8985-9C06F855B691}.Release|Any CPU.Build.0 = Release|Any CPU
		{6333EF10-4A58-4225-AC87-B2FFFB1E876A}.Debug|Any CPU.ActiveCfg = Debug|Any CPU
		{6333EF10-4A58-4225-AC87-B2FFFB1E876A}.Debug|Any CPU.Build.0 = Debug|Any CPU
		{6333EF10-4A58-4225-AC87-B2FFFB1E876A}.Release|Any CPU.ActiveCfg = Release|Any CPU
		{6333EF10-4A58-4225-AC87-B2FFFB1E876A}.Release|Any CPU.Build.0 = Release|Any CPU
		{850D7FAB-4F89-4F66-9F7E-88002D463035}.Debug|Any CPU.ActiveCfg = Debug|Any CPU
		{850D7FAB-4F89-4F66-9F7E-88002D463035}.Debug|Any CPU.Build.0 = Debug|Any CPU
		{850D7FAB-4F89-4F66-9F7E-88002D463035}.Release|Any CPU.ActiveCfg = Release|Any CPU
		{850D7FAB-4F89-4F66-9F7E-88002D463035}.Release|Any CPU.Build.0 = Release|Any CPU
		{C0E41CB8-BD96-4E2C-87E3-FFF67542D213}.Debug|Any CPU.ActiveCfg = Debug|Any CPU
		{C0E41CB8-BD96-4E2C-87E3-FFF67542D213}.Debug|Any CPU.Build.0 = Debug|Any CPU
		{C0E41CB8-BD96-4E2C-87E3-FFF67542D213}.Release|Any CPU.ActiveCfg = Release|Any CPU
		{C0E41CB8-BD96-4E2C-87E3-FFF67542D213}.Release|Any CPU.Build.0 = Release|Any CPU
		{BAB1578F-64E2-4DB1-B74D-687BE04B7794}.Debug|Any CPU.ActiveCfg = Debug|Any CPU
		{BAB1578F-64E2-4DB1-B74D-687BE04B7794}.Debug|Any CPU.Build.0 = Debug|Any CPU
		{BAB1578F-64E2-4DB1-B74D-687BE04B7794}.Release|Any CPU.ActiveCfg = Release|Any CPU
		{BAB1578F-64E2-4DB1-B74D-687BE04B7794}.Release|Any CPU.Build.0 = Release|Any CPU
		{A0A68EEA-B2D4-4257-B19B-8B21AE48887A}.Debug|Any CPU.ActiveCfg = Debug|Any CPU
		{A0A68EEA-B2D4-4257-B19B-8B21AE48887A}.Debug|Any CPU.Build.0 = Debug|Any CPU
		{A0A68EEA-B2D4-4257-B19B-8B21AE48887A}.Release|Any CPU.ActiveCfg = Release|Any CPU
		{A0A68EEA-B2D4-4257-B19B-8B21AE48887A}.Release|Any CPU.Build.0 = Release|Any CPU
		{B36B707A-0611-43DB-9870-71B69E3CD532}.Debug|Any CPU.ActiveCfg = Debug|Any CPU
		{B36B707A-0611-43DB-9870-71B69E3CD532}.Debug|Any CPU.Build.0 = Debug|Any CPU
		{B36B707A-0611-43DB-9870-71B69E3CD532}.Release|Any CPU.ActiveCfg = Release|Any CPU
		{B36B707A-0611-43DB-9870-71B69E3CD532}.Release|Any CPU.Build.0 = Release|Any CPU
		{5B0EF709-54E1-4354-A6EF-30988B342912}.Debug|Any CPU.ActiveCfg = Debug|Any CPU
		{5B0EF709-54E1-4354-A6EF-30988B342912}.Debug|Any CPU.Build.0 = Debug|Any CPU
		{5B0EF709-54E1-4354-A6EF-30988B342912}.Release|Any CPU.ActiveCfg = Release|Any CPU
		{5B0EF709-54E1-4354-A6EF-30988B342912}.Release|Any CPU.Build.0 = Release|Any CPU
		{FD92C253-0268-4089-87CE-245DD053ED67}.Debug|Any CPU.ActiveCfg = Debug|Any CPU
		{FD92C253-0268-4089-87CE-245DD053ED67}.Debug|Any CPU.Build.0 = Debug|Any CPU
		{FD92C253-0268-4089-87CE-245DD053ED67}.Release|Any CPU.ActiveCfg = Release|Any CPU
		{FD92C253-0268-4089-87CE-245DD053ED67}.Release|Any CPU.Build.0 = Release|Any CPU
	EndGlobalSection
	GlobalSection(SolutionProperties) = preSolution
		HideSolutionNode = FALSE
	EndGlobalSection
	GlobalSection(NestedProjects) = preSolution
		{6333EF10-4A58-4225-AC87-B2FFFB1E876A} = {D5A4430E-B7C5-4D25-85FE-6AEACCEF30F8}
		{850D7FAB-4F89-4F66-9F7E-88002D463035} = {F643BB06-68D0-49F7-B6DF-6156CCC0E323}
		{C0E41CB8-BD96-4E2C-87E3-FFF67542D213} = {0F77773D-69D6-4B9B-A5CA-B778E8A73FFD}
		{BAB1578F-64E2-4DB1-B74D-687BE04B7794} = {1DC03E4A-D92F-45E0-BDB0-E33845BA140D}
		{A0A68EEA-B2D4-4257-B19B-8B21AE48887A} = {6181B942-0B9E-45AD-B2F5-0BFF9C7B3821}
		{B36B707A-0611-43DB-9870-71B69E3CD532} = {17344A5B-8125-43C4-A107-666BBC6911C3}
		{5B0EF709-54E1-4354-A6EF-30988B342912} = {FDBA6BB9-9557-4FAA-9234-53BEACF44FB8}
		{FD92C253-0268-4089-87CE-245DD053ED67} = {8362805D-489D-440E-B39E-1B2E7885902B}
	EndGlobalSection
	GlobalSection(ExtensibilityGlobals) = postSolution
		SolutionGuid = {A51EB898-0B94-40AB-92ED-0A12BD9441C9}
	EndGlobalSection
EndGlobal
